{
    "name": "js_engine",
    "lockfileVersion": 3,
    "requires": true,
    "packages": {
        "": {
            "dependencies": {
                "puerts": "^0.3.1"
            }
        },
        "node_modules/commander": {
            "version": "7.2.0",
            "resolved": "https://registry.npmjs.org/commander/-/commander-7.2.0.tgz",
            "integrity": "sha512-QrWXB+ZQSVPmIWIhtEO9H+gwHaMGYiF5ChvoJ+K9ZGHG/sVsa6yiesAD1GC/x46sET00Xlwo1u49RVVVzvcSkw==",
            "license": "MIT",
            "engines": {
                "node": ">= 10"
            }
        },
        "node_modules/node-gyp-build": {
            "version": "4.8.4",
            "resolved": "https://registry.npmjs.org/node-gyp-build/-/node-gyp-build-4.8.4.tgz",
            "integrity": "sha512-LA4ZjwlnUblHVgq0oBF3Jl/6h/Nvs5fzBLwdEF4nuxnFdsfajde4WfxtJr3CaiH+F6ewcIB/q4jQ4UzPyid+CQ==",
            "license": "MIT",
            "bin": {
                "node-gyp-build": "bin.js",
                "node-gyp-build-optional": "optional.js",
                "node-gyp-build-test": "build-test.js"
            }
        },
        "node_modules/puerts": {
            "version": "0.3.1",
            "resolved": "https://registry.npmjs.org/puerts/-/puerts-0.3.1.tgz",
            "integrity": "sha512-z92+LgwgxnOFmZZfKciXiD/+i4CUm5Dm75NC1xlmSTyoH5tCY6dfnomiTBnngohB9Z30/+lB4GY/8Cu41XmElA==",
            "hasInstallScript": true,
            "license": "BSD 3-Clause 'New' or 'Revised' License",
            "dependencies": {
                "commander": "^7.1.0",
                "node-gyp-build": "^4.2.1"
            },
            "bin": {
                "puerts": "bin/puerts_node.js"
            }
        }
    }
}
